# This file is autogenerated, do not edit; changes may be undone by the next 'dep ensure'.


[[projects]]
  branch = "dev"
  name = "github.com/galaco/bsp"
  packages = [
    ".",
    "flags",
    "lumps",
    "primitives/area",
    "primitives/areaportal",
    "primitives/brush",
    "primitives/brushside",
    "primitives/common",
    "primitives/cubemap",
    "primitives/dispinfo",
    "primitives/disptris",
    "primitives/dispvert",
    "primitives/face",
    "primitives/faceid",
    "primitives/facemacrotextureinfo",
    "primitives/game",
    "primitives/leaf",
    "primitives/leafambientindex",
    "primitives/leafambientlighting",
    "primitives/leafwaterdata",
    "primitives/mapflags",
    "primitives/model",
    "primitives/node",
    "primitives/occlusion",
    "primitives/overlay",
    "primitives/overlayfade",
    "primitives/physcollide",
    "primitives/plane",
    "primitives/primitive",
    "primitives/primvert",
    "primitives/texdata",
    "primitives/texinfo",
    "primitives/vertnormal",
    "primitives/visibility",
    "primitives/worldlight",
    "versions"
  ]
  revision = "a66f8b32ab0f6e4e63acffad7a0e335223a99b69"

[[projects]]
  branch = "master"
  name = "github.com/galaco/source-tools-common"
  packages = [
    "entity",
    "texdatastringtable",
    "vmath/vector"
  ]
  revision = "90a6db6872b82f184c6f535d8b5da056418c73c1"

[[projects]]
  branch = "master"
  name = "github.com/galaco/vmf"
  packages = ["."]
  revision = "7a9ccb6e8abb1d03bb0c9a1938356b0557dd644f"

[[projects]]
  branch = "master"
  name = "github.com/go-gl/mathgl"
  packages = ["mgl32"]
  revision = "5ab0e04e1f55a10f3a71b1fccc60ca2ee9a0bc02"

[[projects]]
  branch = "master"
  name = "github.com/samuel/go-opencl"
  packages = ["cl"]
  revision = "cbcfd10c32ad8fcde8ba7a9d9322a2c2458f0ce5"

[[projects]]
  name = "github.com/urfave/cli"
  packages = ["."]
  revision = "cfb38830724cc34fedffe9a2a29fb54fa9169cd1"
  version = "v1.20.0"

[[projects]]
  branch = "master"
  name = "golang.org/x/image"
  packages = ["math/f32"]
  revision = "af66defab954cb421ca110193eed9477c8541e2a"

[solve-meta]
  analyzer-name = "dep"
  analyzer-version = 1
  inputs-digest = "ae0f647f99dea6050644c912778b45e7dc4126ebc089666be108ff08447e82ba"
  solver-name = "gps-cdcl"
  solver-version = 1
